
Microsoft Visual Studio Solution File, Format Version 12.00
# Visual Studio Version 16
VisualStudioVersion = 16.0.30711.63
MinimumVisualStudioVersion = 10.0.40219.1
Project("{FAE04EC0-301F-11D3-BF4B-00C04F79EFBC}") = "Enero28", "Enero28\Enero28.csproj", "{5F8D9F3B-B2F1-4811-B9B3-79EE8FCDC68B}"
EndProject
Global
	GlobalSection(SolutionConfigurationPlatforms) = preSolution
		Debug|Any CPU = Debug|Any CPU
		Release|Any CPU = Release|Any CPU
	EndGlobalSection
	GlobalSection(ProjectConfigurationPlatforms) = postSolution
		{5F8D9F3B-B2F1-4811-B9B3-79EE8FCDC68B}.Debug|Any CPU.ActiveCfg = Debug|Any CPU
		{5F8D9F3B-B2F1-4811-B9B3-79EE8FCDC68B}.Debug|Any CPU.Build.0 = Debug|Any CPU
		{5F8D9F3B-B2F1-4811-B9B3-79EE8FCDC68B}.Release|Any CPU.ActiveCfg = Release|Any CPU
		{5F8D9F3B-B2F1-4811-B9B3-79EE8FCDC68B}.Release|Any CPU.Build.0 = Release|Any CPU
	EndGlobalSection
	GlobalSection(SolutionProperties) = preSolution
		HideSolutionNode = FALSE
	EndGlobalSection
	GlobalSection(ExtensibilityGlobals) = postSolution
		SolutionGuid = {BC96CADF-EDFF-42EC-83AF-4702A1A2BAD8}
	EndGlobalSection
EndGlobal
