
Microsoft Visual Studio Solution File, Format Version 12.00
# Visual Studio Version 16
VisualStudioVersion = 16.0.30711.63
MinimumVisualStudioVersion = 10.0.40219.1
Project("{FAE04EC0-301F-11D3-BF4B-00C04F79EFBC}") = "Messagebox", "Messagebox\Messagebox.csproj", "{4C91F157-E7E7-4DB7-9CCE-CF583D6EA3AA}"
EndProject
Global
	GlobalSection(SolutionConfigurationPlatforms) = preSolution
		Debug|Any CPU = Debug|Any CPU
		Release|Any CPU = Release|Any CPU
	EndGlobalSection
	GlobalSection(ProjectConfigurationPlatforms) = postSolution
		{4C91F157-E7E7-4DB7-9CCE-CF583D6EA3AA}.Debug|Any CPU.ActiveCfg = Debug|Any CPU
		{4C91F157-E7E7-4DB7-9CCE-CF583D6EA3AA}.Debug|Any CPU.Build.0 = Debug|Any CPU
		{4C91F157-E7E7-4DB7-9CCE-CF583D6EA3AA}.Release|Any CPU.ActiveCfg = Release|Any CPU
		{4C91F157-E7E7-4DB7-9CCE-CF583D6EA3AA}.Release|Any CPU.Build.0 = Release|Any CPU
	EndGlobalSection
	GlobalSection(SolutionProperties) = preSolution
		HideSolutionNode = FALSE
	EndGlobalSection
	GlobalSection(ExtensibilityGlobals) = postSolution
		SolutionGuid = {DECECF0C-214F-431F-9DD9-E0DB7A003840}
	EndGlobalSection
EndGlobal
